// !$*UTF8*$!
{
	archiveVersion = 1;
	classes = {
	};
	objectVersion = 46;
	objects = {

/* Begin PBXBuildFile section */
		0522491E362A4023882D9202 /* Feather.ttf in Resources */ = {isa = PBXBuildFile; fileRef = 56EDDE262B3740E391D8D9FF /* Feather.ttf */; };
		0740DC1815DC46F5A8A894DB /* Heebo-Medium.ttf in Resources */ = {isa = PBXBuildFile; fileRef = 1EE084FFEF0C44A6BF677BCC /* Heebo-Medium.ttf */; };
		0B6E3E8110484CF8A8B83050 /* MaterialIcons.ttf in Resources */ = {isa = PBXBuildFile; fileRef = 1671AB8F6F2F423890866325 /* MaterialIcons.ttf */; };
		113128A838964AD89A8EDDCD /* Heebo-Light.ttf in Resources */ = {isa = PBXBuildFile; fileRef = 57A1B39C8E1A4265920B7A1F /* Heebo-Light.ttf */; };
		13B07FBC1A68108700A75B9A /* AppDelegate.m in Sources */ = {isa = PBXBuildFile; fileRef = 13B07FB01A68108700A75B9A /* AppDelegate.m */; };
		13B07FBD1A68108700A75B9A /* LaunchScreen.xib in Resources */ = {isa = PBXBuildFile; fileRef = 13B07FB11A68108700A75B9A /* LaunchScreen.xib */; };
		13B07FBF1A68108700A75B9A /* Images.xcassets in Resources */ = {isa = PBXBuildFile; fileRef = 13B07FB51A68108700A75B9A /* Images.xcassets */; };
		13B07FC11A68108700A75B9A /* main.m in Sources */ = {isa = PBXBuildFile; fileRef = 13B07FB71A68108700A75B9A /* main.m */; };
		1EAD26B1BA4000AE6BD405B6 /* libPods-demo_sri.a in Frameworks */ = {isa = PBXBuildFile; fileRef = 609A8FA398A55E6647D772BE /* libPods-demo_sri.a */; };
		21DFE824ABE6476B989FC592 /* Heebo-ExtraBold.ttf in Resources */ = {isa = PBXBuildFile; fileRef = 4DB301C9D1234594857A7434 /* Heebo-ExtraBold.ttf */; };
		2E572563F77F460BA31D082F /* Entypo.ttf in Resources */ = {isa = PBXBuildFile; fileRef = 809A936747B144AA87314CCE /* Entypo.ttf */; };
		540BFC603C504B29BB6FC502 /* SimpleLineIcons.ttf in Resources */ = {isa = PBXBuildFile; fileRef = AB5E94540C9E46A69A7FE8A9 /* SimpleLineIcons.ttf */; };
		6320F3871ADF454CADE2FA2A /* Zocial.ttf in Resources */ = {isa = PBXBuildFile; fileRef = 7739575A11B449289B0DF6F8 /* Zocial.ttf */; };
		73A65BBA2F0B4188953ACE61 /* Heebo-Black.ttf in Resources */ = {isa = PBXBuildFile; fileRef = 83CE5994236E43E083BD85E9 /* Heebo-Black.ttf */; };
		76C8120849424A04BF075E1C /* MaterialCommunityIcons.ttf in Resources */ = {isa = PBXBuildFile; fileRef = C5964CDC312449B49ECD7B3E /* MaterialCommunityIcons.ttf */; };
		89702E31C1414A83A5FF85B8 /* Heebo-Thin.ttf in Resources */ = {isa = PBXBuildFile; fileRef = 5D568B29505742BCBAB80B52 /* Heebo-Thin.ttf */; };
		8C14C3C386E34DAFA4ED4A14 /* AntDesign.ttf in Resources */ = {isa = PBXBuildFile; fileRef = 7C3937BEB21146229D3EFC74 /* AntDesign.ttf */; };
		9BCDD3DC9B0F4E60995E8917 /* Octicons.ttf in Resources */ = {isa = PBXBuildFile; fileRef = F202179DB4FA491A80818C62 /* Octicons.ttf */; };
		A353AC914A9748AF91A8481E /* Fontisto.ttf in Resources */ = {isa = PBXBuildFile; fileRef = 1FB554D5036D44688DDD0AC9 /* Fontisto.ttf */; };
		AA5A2EDECBDF473CAD40C792 /* FontAwesome5_Regular.ttf in Resources */ = {isa = PBXBuildFile; fileRef = 5CB7DE00EE204E7C9DD221F8 /* FontAwesome5_Regular.ttf */; };
		BD12E68180924BB3BC82208C /* Heebo-Bold.ttf in Resources */ = {isa = PBXBuildFile; fileRef = 031A756C818C4BFF9885C3A6 /* Heebo-Bold.ttf */; };
		C56DD7E9D6034067B30E5896 /* Ionicons.ttf in Resources */ = {isa = PBXBuildFile; fileRef = 304E683716C34ADBAE61D786 /* Ionicons.ttf */; };
		C68DFC68E61F43B6B6AC5E4B /* LeagueSpartan-Bold.otf in Resources */ = {isa = PBXBuildFile; fileRef = 4796366303214ECEA649BAFB /* LeagueSpartan-Bold.otf */; };
		C6B7DACBF7874DB69BE84D9C /* Foundation.ttf in Resources */ = {isa = PBXBuildFile; fileRef = 9F20B79C47334AB6900673C2 /* Foundation.ttf */; };
		C99221FCB3564CA4A8D11754 /* FontAwesome5_Brands.ttf in Resources */ = {isa = PBXBuildFile; fileRef = 43D08CF0D6C341C9946D9496 /* FontAwesome5_Brands.ttf */; };
		CC2BAD94AA974F5A9E9D5A7E /* FontAwesome5_Solid.ttf in Resources */ = {isa = PBXBuildFile; fileRef = 9787655E268C4052ACA0E8A9 /* FontAwesome5_Solid.ttf */; };
		EA6DFE934BC046ACAA3E56CB /* Heebo-Regular.ttf in Resources */ = {isa = PBXBuildFile; fileRef = BDBC9C3B1D3D4F20862E39A6 /* Heebo-Regular.ttf */; };
		F13F515F86564A5896E6493F /* FontAwesome.ttf in Resources */ = {isa = PBXBuildFile; fileRef = C7B0CF09494040D3A8B94074 /* FontAwesome.ttf */; };
		FE4470F422714027A29CDCE2 /* EvilIcons.ttf in Resources */ = {isa = PBXBuildFile; fileRef = 27A07C3EB15B4CFC94D6A343 /* EvilIcons.ttf */; };
/* End PBXBuildFile section */

/* Begin PBXFileReference section */
		008F07F21AC5B25A0029DE68 /* main.jsbundle */ = {isa = PBXFileReference; fileEncoding = 4; lastKnownFileType = text; path = main.jsbundle; sourceTree = "<group>"; };
		00E356F11AD99517003FC87E /* Info.plist */ = {isa = PBXFileReference; lastKnownFileType = text.plist.xml; path = Info.plist; sourceTree = "<group>"; };
		00E356F21AD99517003FC87E /* demo_sriTests.m */ = {isa = PBXFileReference; lastKnownFileType = sourcecode.c.objc; path = demo_sriTests.m; sourceTree = "<group>"; };
		031A756C818C4BFF9885C3A6 /* Heebo-Bold.ttf */ = {isa = PBXFileReference; explicitFileType = undefined; fileEncoding = 9; includeInIndex = 0; lastKnownFileType = unknown; name = "Heebo-Bold.ttf"; path = "../src/assets/Fonts/Heebo-Bold.ttf"; sourceTree = "<group>"; };
		092A5C101538FABD8C717F4E /* Pods-demo_sri-tvOS.debug.xcconfig */ = {isa = PBXFileReference; includeInIndex = 1; lastKnownFileType = text.xcconfig; name = "Pods-demo_sri-tvOS.debug.xcconfig"; path = "Target Support Files/Pods-demo_sri-tvOS/Pods-demo_sri-tvOS.debug.xcconfig"; sourceTree = "<group>"; };
		13B07F961A680F5B00A75B9A /* demo_sri.app */ = {isa = PBXFileReference; explicitFileType = wrapper.application; includeInIndex = 0; path = demo_sri.app; sourceTree = BUILT_PRODUCTS_DIR; };
		13B07FAF1A68108700A75B9A /* AppDelegate.h */ = {isa = PBXFileReference; fileEncoding = 4; lastKnownFileType = sourcecode.c.h; name = AppDelegate.h; path = demo_sri/AppDelegate.h; sourceTree = "<group>"; };
		13B07FB01A68108700A75B9A /* AppDelegate.m */ = {isa = PBXFileReference; fileEncoding = 4; lastKnownFileType = sourcecode.c.objc; name = AppDelegate.m; path = demo_sri/AppDelegate.m; sourceTree = "<group>"; };
		13B07FB21A68108700A75B9A /* Base */ = {isa = PBXFileReference; lastKnownFileType = file.xib; name = Base; path = Base.lproj/LaunchScreen.xib; sourceTree = "<group>"; };
		13B07FB51A68108700A75B9A /* Images.xcassets */ = {isa = PBXFileReference; lastKnownFileType = folder.assetcatalog; name = Images.xcassets; path = demo_sri/Images.xcassets; sourceTree = "<group>"; };
		13B07FB61A68108700A75B9A /* Info.plist */ = {isa = PBXFileReference; fileEncoding = 4; lastKnownFileType = text.plist.xml; name = Info.plist; path = demo_sri/Info.plist; sourceTree = "<group>"; };
		13B07FB71A68108700A75B9A /* main.m */ = {isa = PBXFileReference; fileEncoding = 4; lastKnownFileType = sourcecode.c.objc; name = main.m; path = demo_sri/main.m; sourceTree = "<group>"; };
		1671AB8F6F2F423890866325 /* MaterialIcons.ttf */ = {isa = PBXFileReference; explicitFileType = undefined; fileEncoding = 9; includeInIndex = 0; lastKnownFileType = unknown; name = MaterialIcons.ttf; path = "../node_modules/react-native-vector-icons/Fonts/MaterialIcons.ttf"; sourceTree = "<group>"; };
		1C0F0A9772165B36CBAFD5B1 /* Pods-demo_sri.release.xcconfig */ = {isa = PBXFileReference; includeInIndex = 1; lastKnownFileType = text.xcconfig; name = "Pods-demo_sri.release.xcconfig"; path = "Target Support Files/Pods-demo_sri/Pods-demo_sri.release.xcconfig"; sourceTree = "<group>"; };
		1EE084FFEF0C44A6BF677BCC /* Heebo-Medium.ttf */ = {isa = PBXFileReference; explicitFileType = undefined; fileEncoding = 9; includeInIndex = 0; lastKnownFileType = unknown; name = "Heebo-Medium.ttf"; path = "../src/assets/Fonts/Heebo-Medium.ttf"; sourceTree = "<group>"; };
		1FB554D5036D44688DDD0AC9 /* Fontisto.ttf */ = {isa = PBXFileReference; explicitFileType = undefined; fileEncoding = 9; includeInIndex = 0; lastKnownFileType = unknown; name = Fontisto.ttf; path = "../node_modules/react-native-vector-icons/Fonts/Fontisto.ttf"; sourceTree = "<group>"; };
		27A07C3EB15B4CFC94D6A343 /* EvilIcons.ttf */ = {isa = PBXFileReference; explicitFileType = undefined; fileEncoding = 9; includeInIndex = 0; lastKnownFileType = unknown; name = EvilIcons.ttf; path = "../node_modules/react-native-vector-icons/Fonts/EvilIcons.ttf"; sourceTree = "<group>"; };
		304E683716C34ADBAE61D786 /* Ionicons.ttf */ = {isa = PBXFileReference; explicitFileType = undefined; fileEncoding = 9; includeInIndex = 0; lastKnownFileType = unknown; name = Ionicons.ttf; path = "../node_modules/react-native-vector-icons/Fonts/Ionicons.ttf"; sourceTree = "<group>"; };
		362726ECF3FB22A74D67E7B7 /* libPods-demo_sri-tvOSTests.a */ = {isa = PBXFileReference; explicitFileType = archive.ar; includeInIndex = 0; path = "libPods-demo_sri-tvOSTests.a"; sourceTree = BUILT_PRODUCTS_DIR; };
		3C868328F27763501068CE89 /* Pods-demo_sriTests.release.xcconfig */ = {isa = PBXFileReference; includeInIndex = 1; lastKnownFileType = text.xcconfig; name = "Pods-demo_sriTests.release.xcconfig"; path = "Target Support Files/Pods-demo_sriTests/Pods-demo_sriTests.release.xcconfig"; sourceTree = "<group>"; };
		43D08CF0D6C341C9946D9496 /* FontAwesome5_Brands.ttf */ = {isa = PBXFileReference; explicitFileType = undefined; fileEncoding = 9; includeInIndex = 0; lastKnownFileType = unknown; name = FontAwesome5_Brands.ttf; path = "../node_modules/react-native-vector-icons/Fonts/FontAwesome5_Brands.ttf"; sourceTree = "<group>"; };
		4796366303214ECEA649BAFB /* LeagueSpartan-Bold.otf */ = {isa = PBXFileReference; explicitFileType = undefined; fileEncoding = 9; includeInIndex = 0; lastKnownFileType = unknown; name = "LeagueSpartan-Bold.otf"; path = "../src/assets/Fonts/LeagueSpartan-Bold.otf"; sourceTree = "<group>"; };
		4AB33DD32F0685A7D420AF79 /* libPods-demo_sri-tvOS.a */ = {isa = PBXFileReference; explicitFileType = archive.ar; includeInIndex = 0; path = "libPods-demo_sri-tvOS.a"; sourceTree = BUILT_PRODUCTS_DIR; };
		4DB301C9D1234594857A7434 /* Heebo-ExtraBold.ttf */ = {isa = PBXFileReference; explicitFileType = undefined; fileEncoding = 9; includeInIndex = 0; lastKnownFileType = unknown; name = "Heebo-ExtraBold.ttf"; path = "../src/assets/Fonts/Heebo-ExtraBold.ttf"; sourceTree = "<group>"; };
		56EDDE262B3740E391D8D9FF /* Feather.ttf */ = {isa = PBXFileReference; explicitFileType = undefined; fileEncoding = 9; includeInIndex = 0; lastKnownFileType = unknown; name = Feather.ttf; path = "../node_modules/react-native-vector-icons/Fonts/Feather.ttf"; sourceTree = "<group>"; };
		57A1B39C8E1A4265920B7A1F /* Heebo-Light.ttf */ = {isa = PBXFileReference; explicitFileType = undefined; fileEncoding = 9; includeInIndex = 0; lastKnownFileType = unknown; name = "Heebo-Light.ttf"; path = "../src/assets/Fonts/Heebo-Light.ttf"; sourceTree = "<group>"; };
		5CB7DE00EE204E7C9DD221F8 /* FontAwesome5_Regular.ttf */ = {isa = PBXFileReference; explicitFileType = undefined; fileEncoding = 9; includeInIndex = 0; lastKnownFileType = unknown; name = FontAwesome5_Regular.ttf; path = "../node_modules/react-native-vector-icons/Fonts/FontAwesome5_Regular.ttf"; sourceTree = "<group>"; };
		5D568B29505742BCBAB80B52 /* Heebo-Thin.ttf */ = {isa = PBXFileReference; explicitFileType = undefined; fileEncoding = 9; includeInIndex = 0; lastKnownFileType = unknown; name = "Heebo-Thin.ttf"; path = "../src/assets/Fonts/Heebo-Thin.ttf"; sourceTree = "<group>"; };
		609A8FA398A55E6647D772BE /* libPods-demo_sri.a */ = {isa = PBXFileReference; explicitFileType = archive.ar; includeInIndex = 0; path = "libPods-demo_sri.a"; sourceTree = BUILT_PRODUCTS_DIR; };
		6DF849F1B325F91C687FC5C6 /* Pods-demo_sri.debug.xcconfig */ = {isa = PBXFileReference; includeInIndex = 1; lastKnownFileType = text.xcconfig; name = "Pods-demo_sri.debug.xcconfig"; path = "Target Support Files/Pods-demo_sri/Pods-demo_sri.debug.xcconfig"; sourceTree = "<group>"; };
		7739575A11B449289B0DF6F8 /* Zocial.ttf */ = {isa = PBXFileReference; explicitFileType = undefined; fileEncoding = 9; includeInIndex = 0; lastKnownFileType = unknown; name = Zocial.ttf; path = "../node_modules/react-native-vector-icons/Fonts/Zocial.ttf"; sourceTree = "<group>"; };
		7C3937BEB21146229D3EFC74 /* AntDesign.ttf */ = {isa = PBXFileReference; explicitFileType = undefined; fileEncoding = 9; includeInIndex = 0; lastKnownFileType = unknown; name = AntDesign.ttf; path = "../node_modules/react-native-vector-icons/Fonts/AntDesign.ttf"; sourceTree = "<group>"; };
		809A936747B144AA87314CCE /* Entypo.ttf */ = {isa = PBXFileReference; explicitFileType = undefined; fileEncoding = 9; includeInIndex = 0; lastKnownFileType = unknown; name = Entypo.ttf; path = "../node_modules/react-native-vector-icons/Fonts/Entypo.ttf"; sourceTree = "<group>"; };
		83CE5994236E43E083BD85E9 /* Heebo-Black.ttf */ = {isa = PBXFileReference; explicitFileType = undefined; fileEncoding = 9; includeInIndex = 0; lastKnownFileType = unknown; name = "Heebo-Black.ttf"; path = "../src/assets/Fonts/Heebo-Black.ttf"; sourceTree = "<group>"; };
		8466CE929F1727DC48A5700A /* Pods-demo_sri-tvOSTests.debug.xcconfig */ = {isa = PBXFileReference; includeInIndex = 1; lastKnownFileType = text.xcconfig; name = "Pods-demo_sri-tvOSTests.debug.xcconfig"; path = "Target Support Files/Pods-demo_sri-tvOSTests/Pods-demo_sri-tvOSTests.debug.xcconfig"; sourceTree = "<group>"; };
		8AF7DDEF7448447123BB210C /* Pods-demo_sri-tvOS.release.xcconfig */ = {isa = PBXFileReference; includeInIndex = 1; lastKnownFileType = text.xcconfig; name = "Pods-demo_sri-tvOS.release.xcconfig"; path = "Target Support Files/Pods-demo_sri-tvOS/Pods-demo_sri-tvOS.release.xcconfig"; sourceTree = "<group>"; };
		9787655E268C4052ACA0E8A9 /* FontAwesome5_Solid.ttf */ = {isa = PBXFileReference; explicitFileType = undefined; fileEncoding = 9; includeInIndex = 0; lastKnownFileType = unknown; name = FontAwesome5_Solid.ttf; path = "../node_modules/react-native-vector-icons/Fonts/FontAwesome5_Solid.ttf"; sourceTree = "<group>"; };
		9F20B79C47334AB6900673C2 /* Foundation.ttf */ = {isa = PBXFileReference; explicitFileType = undefined; fileEncoding = 9; includeInIndex = 0; lastKnownFileType = unknown; name = Foundation.ttf; path = "../node_modules/react-native-vector-icons/Fonts/Foundation.ttf"; sourceTree = "<group>"; };
		A63611EE02E30AC41D5B7A61 /* Pods-demo_sri-tvOSTests.release.xcconfig */ = {isa = PBXFileReference; includeInIndex = 1; lastKnownFileType = text.xcconfig; name = "Pods-demo_sri-tvOSTests.release.xcconfig"; path = "Target Support Files/Pods-demo_sri-tvOSTests/Pods-demo_sri-tvOSTests.release.xcconfig"; sourceTree = "<group>"; };
		AB5E94540C9E46A69A7FE8A9 /* SimpleLineIcons.ttf */ = {isa = PBXFileReference; explicitFileType = undefined; fileEncoding = 9; includeInIndex = 0; lastKnownFileType = unknown; name = SimpleLineIcons.ttf; path = "../node_modules/react-native-vector-icons/Fonts/SimpleLineIcons.ttf"; sourceTree = "<group>"; };
		BDBC9C3B1D3D4F20862E39A6 /* Heebo-Regular.ttf */ = {isa = PBXFileReference; explicitFileType = undefined; fileEncoding = 9; includeInIndex = 0; lastKnownFileType = unknown; name = "Heebo-Regular.ttf"; path = "../src/assets/Fonts/Heebo-Regular.ttf"; sourceTree = "<group>"; };
		C5964CDC312449B49ECD7B3E /* MaterialCommunityIcons.ttf */ = {isa = PBXFileReference; explicitFileType = undefined; fileEncoding = 9; includeInIndex = 0; lastKnownFileType = unknown; name = MaterialCommunityIcons.ttf; path = "../node_modules/react-native-vector-icons/Fonts/MaterialCommunityIcons.ttf"; sourceTree = "<group>"; };
		C7B0CF09494040D3A8B94074 /* FontAwesome.ttf */ = {isa = PBXFileReference; explicitFileType = undefined; fileEncoding = 9; includeInIndex = 0; lastKnownFileType = unknown; name = FontAwesome.ttf; path = "../node_modules/react-native-vector-icons/Fonts/FontAwesome.ttf"; sourceTree = "<group>"; };
		E881E4B92A3F5EE4510838E0 /* Pods-demo_sriTests.debug.xcconfig */ = {isa = PBXFileReference; includeInIndex = 1; lastKnownFileType = text.xcconfig; name = "Pods-demo_sriTests.debug.xcconfig"; path = "Target Support Files/Pods-demo_sriTests/Pods-demo_sriTests.debug.xcconfig"; sourceTree = "<group>"; };
		ED297162215061F000B7C4FE /* JavaScriptCore.framework */ = {isa = PBXFileReference; lastKnownFileType = wrapper.framework; name = JavaScriptCore.framework; path = System/Library/Frameworks/JavaScriptCore.framework; sourceTree = SDKROOT; };
		ED2971642150620600B7C4FE /* JavaScriptCore.framework */ = {isa = PBXFileReference; lastKnownFileType = wrapper.framework; name = JavaScriptCore.framework; path = Platforms/AppleTVOS.platform/Developer/SDKs/AppleTVOS12.0.sdk/System/Library/Frameworks/JavaScriptCore.framework; sourceTree = DEVELOPER_DIR; };
		F202179DB4FA491A80818C62 /* Octicons.ttf */ = {isa = PBXFileReference; explicitFileType = undefined; fileEncoding = 9; includeInIndex = 0; lastKnownFileType = unknown; name = Octicons.ttf; path = "../node_modules/react-native-vector-icons/Fonts/Octicons.ttf"; sourceTree = "<group>"; };
		F73AD63A293DCCCA831A32EA /* libPods-demo_sriTests.a */ = {isa = PBXFileReference; explicitFileType = archive.ar; includeInIndex = 0; path = "libPods-demo_sriTests.a"; sourceTree = BUILT_PRODUCTS_DIR; };
/* End PBXFileReference section */

/* Begin PBXFrameworksBuildPhase section */
		13B07F8C1A680F5B00A75B9A /* Frameworks */ = {
			isa = PBXFrameworksBuildPhase;
			buildActionMask = 2147483647;
			files = (
				1EAD26B1BA4000AE6BD405B6 /* libPods-demo_sri.a in Frameworks */,
			);
			runOnlyForDeploymentPostprocessing = 0;
		};
/* End PBXFrameworksBuildPhase section */

/* Begin PBXGroup section */
		00E356EF1AD99517003FC87E /* demo_sriTests */ = {
			isa = PBXGroup;
			children = (
				00E356F21AD99517003FC87E /* demo_sriTests.m */,
				00E356F01AD99517003FC87E /* Supporting Files */,
			);
			path = demo_sriTests;
			sourceTree = "<group>";
		};
		00E356F01AD99517003FC87E /* Supporting Files */ = {
			isa = PBXGroup;
			children = (
				00E356F11AD99517003FC87E /* Info.plist */,
			);
			name = "Supporting Files";
			sourceTree = "<group>";
		};
		13B07FAE1A68108700A75B9A /* demo_sri */ = {
			isa = PBXGroup;
			children = (
				008F07F21AC5B25A0029DE68 /* main.jsbundle */,
				13B07FAF1A68108700A75B9A /* AppDelegate.h */,
				13B07FB01A68108700A75B9A /* AppDelegate.m */,
				13B07FB51A68108700A75B9A /* Images.xcassets */,
				13B07FB61A68108700A75B9A /* Info.plist */,
				13B07FB11A68108700A75B9A /* LaunchScreen.xib */,
				13B07FB71A68108700A75B9A /* main.m */,
			);
			name = demo_sri;
			sourceTree = "<group>";
		};
		2D16E6871FA4F8E400B85C8A /* Frameworks */ = {
			isa = PBXGroup;
			children = (
				ED297162215061F000B7C4FE /* JavaScriptCore.framework */,
				ED2971642150620600B7C4FE /* JavaScriptCore.framework */,
				609A8FA398A55E6647D772BE /* libPods-demo_sri.a */,
				4AB33DD32F0685A7D420AF79 /* libPods-demo_sri-tvOS.a */,
				362726ECF3FB22A74D67E7B7 /* libPods-demo_sri-tvOSTests.a */,
				F73AD63A293DCCCA831A32EA /* libPods-demo_sriTests.a */,
			);
			name = Frameworks;
			sourceTree = "<group>";
		};
		35CB6F6AFEB2E2959F8817DB /* Pods */ = {
			isa = PBXGroup;
			children = (
				6DF849F1B325F91C687FC5C6 /* Pods-demo_sri.debug.xcconfig */,
				1C0F0A9772165B36CBAFD5B1 /* Pods-demo_sri.release.xcconfig */,
				092A5C101538FABD8C717F4E /* Pods-demo_sri-tvOS.debug.xcconfig */,
				8AF7DDEF7448447123BB210C /* Pods-demo_sri-tvOS.release.xcconfig */,
				8466CE929F1727DC48A5700A /* Pods-demo_sri-tvOSTests.debug.xcconfig */,
				A63611EE02E30AC41D5B7A61 /* Pods-demo_sri-tvOSTests.release.xcconfig */,
				E881E4B92A3F5EE4510838E0 /* Pods-demo_sriTests.debug.xcconfig */,
				3C868328F27763501068CE89 /* Pods-demo_sriTests.release.xcconfig */,
			);
			path = Pods;
			sourceTree = "<group>";
		};
		5C72B32ECACD48D88D29D12A /* Resources */ = {
			isa = PBXGroup;
			children = (
				7C3937BEB21146229D3EFC74 /* AntDesign.ttf */,
				809A936747B144AA87314CCE /* Entypo.ttf */,
				27A07C3EB15B4CFC94D6A343 /* EvilIcons.ttf */,
				56EDDE262B3740E391D8D9FF /* Feather.ttf */,
				C7B0CF09494040D3A8B94074 /* FontAwesome.ttf */,
				43D08CF0D6C341C9946D9496 /* FontAwesome5_Brands.ttf */,
				5CB7DE00EE204E7C9DD221F8 /* FontAwesome5_Regular.ttf */,
				9787655E268C4052ACA0E8A9 /* FontAwesome5_Solid.ttf */,
				1FB554D5036D44688DDD0AC9 /* Fontisto.ttf */,
				9F20B79C47334AB6900673C2 /* Foundation.ttf */,
				304E683716C34ADBAE61D786 /* Ionicons.ttf */,
				C5964CDC312449B49ECD7B3E /* MaterialCommunityIcons.ttf */,
				1671AB8F6F2F423890866325 /* MaterialIcons.ttf */,
				F202179DB4FA491A80818C62 /* Octicons.ttf */,
				AB5E94540C9E46A69A7FE8A9 /* SimpleLineIcons.ttf */,
				7739575A11B449289B0DF6F8 /* Zocial.ttf */,
				83CE5994236E43E083BD85E9 /* Heebo-Black.ttf */,
				031A756C818C4BFF9885C3A6 /* Heebo-Bold.ttf */,
				4DB301C9D1234594857A7434 /* Heebo-ExtraBold.ttf */,
				57A1B39C8E1A4265920B7A1F /* Heebo-Light.ttf */,
				1EE084FFEF0C44A6BF677BCC /* Heebo-Medium.ttf */,
				BDBC9C3B1D3D4F20862E39A6 /* Heebo-Regular.ttf */,
				5D568B29505742BCBAB80B52 /* Heebo-Thin.ttf */,
				4796366303214ECEA649BAFB /* LeagueSpartan-Bold.otf */,
			);
			name = Resources;
			sourceTree = "<group>";
		};
		832341AE1AAA6A7D00B99B32 /* Libraries */ = {
			isa = PBXGroup;
			children = (
			);
			name = Libraries;
			sourceTree = "<group>";
		};
		83CBB9F61A601CBA00E9B192 = {
			isa = PBXGroup;
			children = (
				13B07FAE1A68108700A75B9A /* demo_sri */,
				832341AE1AAA6A7D00B99B32 /* Libraries */,
				00E356EF1AD99517003FC87E /* demo_sriTests */,
				83CBBA001A601CBA00E9B192 /* Products */,
				2D16E6871FA4F8E400B85C8A /* Frameworks */,
				35CB6F6AFEB2E2959F8817DB /* Pods */,
				5C72B32ECACD48D88D29D12A /* Resources */,
			);
			indentWidth = 2;
			sourceTree = "<group>";
			tabWidth = 2;
			usesTabs = 0;
		};
		83CBBA001A601CBA00E9B192 /* Products */ = {
			isa = PBXGroup;
			children = (
				13B07F961A680F5B00A75B9A /* demo_sri.app */,
			);
			name = Products;
			sourceTree = "<group>";
		};
/* End PBXGroup section */

/* Begin PBXNativeTarget section */
		13B07F861A680F5B00A75B9A /* demo_sri */ = {
			isa = PBXNativeTarget;
			buildConfigurationList = 13B07F931A680F5B00A75B9A /* Build configuration list for PBXNativeTarget "demo_sri" */;
			buildPhases = (
				8F9891365FEC19EB3F6BDB16 /* [CP] Check Pods Manifest.lock */,
				FD10A7F022414F080027D42C /* Start Packager */,
				13B07F871A680F5B00A75B9A /* Sources */,
				13B07F8C1A680F5B00A75B9A /* Frameworks */,
				13B07F8E1A680F5B00A75B9A /* Resources */,
				00DD1BFF1BD5951E006B06BC /* Bundle React Native code and images */,
				C37967CF20CA21F47AC75DC3 /* [CP] Copy Pods Resources */,
			);
			buildRules = (
			);
			dependencies = (
			);
			name = demo_sri;
			productName = demo_sri;
			productReference = 13B07F961A680F5B00A75B9A /* demo_sri.app */;
			productType = "com.apple.product-type.application";
		};
/* End PBXNativeTarget section */

/* Begin PBXProject section */
		83CBB9F71A601CBA00E9B192 /* Project object */ = {
			isa = PBXProject;
			attributes = {
				LastUpgradeCheck = 940;
				ORGANIZATIONNAME = Facebook;
			};
			buildConfigurationList = 83CBB9FA1A601CBA00E9B192 /* Build configuration list for PBXProject "demo_sri" */;
			compatibilityVersion = "Xcode 3.2";
			developmentRegion = English;
			hasScannedForEncodings = 0;
			knownRegions = (
				English,
				en,
				Base,
			);
			mainGroup = 83CBB9F61A601CBA00E9B192;
			productRefGroup = 83CBBA001A601CBA00E9B192 /* Products */;
			projectDirPath = "";
			projectRoot = "";
			targets = (
				13B07F861A680F5B00A75B9A /* demo_sri */,
			);
		};
/* End PBXProject section */

/* Begin PBXResourcesBuildPhase section */
		13B07F8E1A680F5B00A75B9A /* Resources */ = {
			isa = PBXResourcesBuildPhase;
			buildActionMask = 2147483647;
			files = (
				13B07FBF1A68108700A75B9A /* Images.xcassets in Resources */,
				13B07FBD1A68108700A75B9A /* LaunchScreen.xib in Resources */,
				8C14C3C386E34DAFA4ED4A14 /* AntDesign.ttf in Resources */,
				2E572563F77F460BA31D082F /* Entypo.ttf in Resources */,
				FE4470F422714027A29CDCE2 /* EvilIcons.ttf in Resources */,
				0522491E362A4023882D9202 /* Feather.ttf in Resources */,
				F13F515F86564A5896E6493F /* FontAwesome.ttf in Resources */,
				C99221FCB3564CA4A8D11754 /* FontAwesome5_Brands.ttf in Resources */,
				AA5A2EDECBDF473CAD40C792 /* FontAwesome5_Regular.ttf in Resources */,
				CC2BAD94AA974F5A9E9D5A7E /* FontAwesome5_Solid.ttf in Resources */,
				A353AC914A9748AF91A8481E /* Fontisto.ttf in Resources */,
				C6B7DACBF7874DB69BE84D9C /* Foundation.ttf in Resources */,
				C56DD7E9D6034067B30E5896 /* Ionicons.ttf in Resources */,
				76C8120849424A04BF075E1C /* MaterialCommunityIcons.ttf in Resources */,
				0B6E3E8110484CF8A8B83050 /* MaterialIcons.ttf in Resources */,
				9BCDD3DC9B0F4E60995E8917 /* Octicons.ttf in Resources */,
				540BFC603C504B29BB6FC502 /* SimpleLineIcons.ttf in Resources */,
				6320F3871ADF454CADE2FA2A /* Zocial.ttf in Resources */,
				73A65BBA2F0B4188953ACE61 /* Heebo-Black.ttf in Resources */,
				BD12E68180924BB3BC82208C /* Heebo-Bold.ttf in Resources */,
				21DFE824ABE6476B989FC592 /* Heebo-ExtraBold.ttf in Resources */,
				113128A838964AD89A8EDDCD /* Heebo-Light.ttf in Resources */,
				0740DC1815DC46F5A8A894DB /* Heebo-Medium.ttf in Resources */,
				EA6DFE934BC046ACAA3E56CB /* Heebo-Regular.ttf in Resources */,
				89702E31C1414A83A5FF85B8 /* Heebo-Thin.ttf in Resources */,
				C68DFC68E61F43B6B6AC5E4B /* LeagueSpartan-Bold.otf in Resources */,
			);
			runOnlyForDeploymentPostprocessing = 0;
		};
/* End PBXResourcesBuildPhase section */

/* Begin PBXShellScriptBuildPhase section */
		00DD1BFF1BD5951E006B06BC /* Bundle React Native code and images */ = {
			isa = PBXShellScriptBuildPhase;
			buildActionMask = 2147483647;
			files = (
			);
			inputPaths = (
			);
			name = "Bundle React Native code and images";
			outputPaths = (
			);
			runOnlyForDeploymentPostprocessing = 0;
			shellPath = /bin/sh;
			shellScript = "export NODE_BINARY=node\n../node_modules/react-native/scripts/react-native-xcode.sh";
		};
		8F9891365FEC19EB3F6BDB16 /* [CP] Check Pods Manifest.lock */ = {
			isa = PBXShellScriptBuildPhase;
			buildActionMask = 2147483647;
			files = (
			);
			inputFileListPaths = (
			);
			inputPaths = (
				"${PODS_PODFILE_DIR_PATH}/Podfile.lock",
				"${PODS_ROOT}/Manifest.lock",
			);
			name = "[CP] Check Pods Manifest.lock";
			outputFileListPaths = (
			);
			outputPaths = (
				"$(DERIVED_FILE_DIR)/Pods-demo_sri-checkManifestLockResult.txt",
			);
			runOnlyForDeploymentPostprocessing = 0;
			shellPath = /bin/sh;
			shellScript = "diff \"${PODS_PODFILE_DIR_PATH}/Podfile.lock\" \"${PODS_ROOT}/Manifest.lock\" > /dev/null\nif [ $? != 0 ] ; then\n    # print error to STDERR\n    echo \"error: The sandbox is not in sync with the Podfile.lock. Run 'pod install' or update your CocoaPods installation.\" >&2\n    exit 1\nfi\n# This output is used by Xcode 'outputs' to avoid re-running this script phase.\necho \"SUCCESS\" > \"${SCRIPT_OUTPUT_FILE_0}\"\n";
			showEnvVarsInLog = 0;
		};
		C37967CF20CA21F47AC75DC3 /* [CP] Copy Pods Resources */ = {
			isa = PBXShellScriptBuildPhase;
			buildActionMask = 2147483647;
			files = (
			);
			inputPaths = (
				"${PODS_ROOT}/Target Support Files/Pods-demo_sri/Pods-demo_sri-resources.sh",
				"${PODS_ROOT}/../../node_modules/react-native-vector-icons/Fonts/AntDesign.ttf",
				"${PODS_ROOT}/../../node_modules/react-native-vector-icons/Fonts/Entypo.ttf",
				"${PODS_ROOT}/../../node_modules/react-native-vector-icons/Fonts/EvilIcons.ttf",
				"${PODS_ROOT}/../../node_modules/react-native-vector-icons/Fonts/Feather.ttf",
				"${PODS_ROOT}/../../node_modules/react-native-vector-icons/Fonts/FontAwesome.ttf",
				"${PODS_ROOT}/../../node_modules/react-native-vector-icons/Fonts/FontAwesome5_Brands.ttf",
				"${PODS_ROOT}/../../node_modules/react-native-vector-icons/Fonts/FontAwesome5_Regular.ttf",
				"${PODS_ROOT}/../../node_modules/react-native-vector-icons/Fonts/FontAwesome5_Solid.ttf",
				"${PODS_ROOT}/../../node_modules/react-native-vector-icons/Fonts/Fontisto.ttf",
				"${PODS_ROOT}/../../node_modules/react-native-vector-icons/Fonts/Foundation.ttf",
				"${PODS_ROOT}/../../node_modules/react-native-vector-icons/Fonts/Ionicons.ttf",
				"${PODS_ROOT}/../../node_modules/react-native-vector-icons/Fonts/MaterialCommunityIcons.ttf",
				"${PODS_ROOT}/../../node_modules/react-native-vector-icons/Fonts/MaterialIcons.ttf",
				"${PODS_ROOT}/../../node_modules/react-native-vector-icons/Fonts/Octicons.ttf",
				"${PODS_ROOT}/../../node_modules/react-native-vector-icons/Fonts/SimpleLineIcons.ttf",
				"${PODS_ROOT}/../../node_modules/react-native-vector-icons/Fonts/Zocial.ttf",
			);
			name = "[CP] Copy Pods Resources";
			outputPaths = (
				"${TARGET_BUILD_DIR}/${UNLOCALIZED_RESOURCES_FOLDER_PATH}/AntDesign.ttf",
				"${TARGET_BUILD_DIR}/${UNLOCALIZED_RESOURCES_FOLDER_PATH}/Entypo.ttf",
				"${TARGET_BUILD_DIR}/${UNLOCALIZED_RESOURCES_FOLDER_PATH}/EvilIcons.ttf",
				"${TARGET_BUILD_DIR}/${UNLOCALIZED_RESOURCES_FOLDER_PATH}/Feather.ttf",
				"${TARGET_BUILD_DIR}/${UNLOCALIZED_RESOURCES_FOLDER_PATH}/FontAwesome.ttf",
				"${TARGET_BUILD_DIR}/${UNLOCALIZED_RESOURCES_FOLDER_PATH}/FontAwesome5_Brands.ttf",
				"${TARGET_BUILD_DIR}/${UNLOCALIZED_RESOURCES_FOLDER_PATH}/FontAwesome5_Regular.ttf",
				"${TARGET_BUILD_DIR}/${UNLOCALIZED_RESOURCES_FOLDER_PATH}/FontAwesome5_Solid.ttf",
				"${TARGET_BUILD_DIR}/${UNLOCALIZED_RESOURCES_FOLDER_PATH}/Fontisto.ttf",
				"${TARGET_BUILD_DIR}/${UNLOCALIZED_RESOURCES_FOLDER_PATH}/Foundation.ttf",
				"${TARGET_BUILD_DIR}/${UNLOCALIZED_RESOURCES_FOLDER_PATH}/Ionicons.ttf",
				"${TARGET_BUILD_DIR}/${UNLOCALIZED_RESOURCES_FOLDER_PATH}/MaterialCommunityIcons.ttf",
				"${TARGET_BUILD_DIR}/${UNLOCALIZED_RESOURCES_FOLDER_PATH}/MaterialIcons.ttf",
				"${TARGET_BUILD_DIR}/${UNLOCALIZED_RESOURCES_FOLDER_PATH}/Octicons.ttf",
				"${TARGET_BUILD_DIR}/${UNLOCALIZED_RESOURCES_FOLDER_PATH}/SimpleLineIcons.ttf",
				"${TARGET_BUILD_DIR}/${UNLOCALIZED_RESOURCES_FOLDER_PATH}/Zocial.ttf",
			);
			runOnlyForDeploymentPostprocessing = 0;
			shellPath = /bin/sh;
			shellScript = "\"${PODS_ROOT}/Target Support Files/Pods-demo_sri/Pods-demo_sri-resources.sh\"\n";
			showEnvVarsInLog = 0;
		};
		FD10A7F022414F080027D42C /* Start Packager */ = {
			isa = PBXShellScriptBuildPhase;
			buildActionMask = 2147483647;
			files = (
			);
			inputFileListPaths = (
			);
			inputPaths = (
			);
			name = "Start Packager";
			outputFileListPaths = (
			);
			outputPaths = (
			);
			runOnlyForDeploymentPostprocessing = 0;
			shellPath = /bin/sh;
			shellScript = "export RCT_METRO_PORT=\"${RCT_METRO_PORT:=8081}\"\necho \"export RCT_METRO_PORT=${RCT_METRO_PORT}\" > \"${SRCROOT}/../node_modules/react-native/scripts/.packager.env\"\nif [ -z \"${RCT_NO_LAUNCH_PACKAGER+xxx}\" ] ; then\n  if nc -w 5 -z localhost ${RCT_METRO_PORT} ; then\n    if ! curl -s \"http://localhost:${RCT_METRO_PORT}/status\" | grep -q \"packager-status:running\" ; then\n      echo \"Port ${RCT_METRO_PORT} already in use, packager is either not running or not running correctly\"\n      exit 2\n    fi\n  else\n    open \"$SRCROOT/../node_modules/react-native/scripts/launchPackager.command\" || echo \"Can't start packager automatically\"\n  fi\nfi\n";
			showEnvVarsInLog = 0;
		};
/* End PBXShellScriptBuildPhase section */

/* Begin PBXSourcesBuildPhase section */
		13B07F871A680F5B00A75B9A /* Sources */ = {
			isa = PBXSourcesBuildPhase;
			buildActionMask = 2147483647;
			files = (
				13B07FBC1A68108700A75B9A /* AppDelegate.m in Sources */,
				13B07FC11A68108700A75B9A /* main.m in Sources */,
			);
			runOnlyForDeploymentPostprocessing = 0;
		};
/* End PBXSourcesBuildPhase section */

/* Begin PBXVariantGroup section */
		13B07FB11A68108700A75B9A /* LaunchScreen.xib */ = {
			isa = PBXVariantGroup;
			children = (
				13B07FB21A68108700A75B9A /* Base */,
			);
			name = LaunchScreen.xib;
			path = demo_sri;
			sourceTree = "<group>";
		};
/* End PBXVariantGroup section */

/* Begin XCBuildConfiguration section */
		13B07F941A680F5B00A75B9A /* Debug */ = {
			isa = XCBuildConfiguration;
			baseConfigurationReference = 6DF849F1B325F91C687FC5C6 /* Pods-demo_sri.debug.xcconfig */;
			buildSettings = {
				ASSETCATALOG_COMPILER_APPICON_NAME = AppIcon;
				CURRENT_PROJECT_VERSION = 1;
				DEAD_CODE_STRIPPING = NO;
				INFOPLIST_FILE = demo_sri/Info.plist;
				LD_RUNPATH_SEARCH_PATHS = "$(inherited) @executable_path/Frameworks";
				OTHER_LDFLAGS = (
					"$(inherited)",
					"-ObjC",
					"-lc++",
				);
				PRODUCT_BUNDLE_IDENTIFIER = "org.reactjs.native.example.$(PRODUCT_NAME:rfc1034identifier)";
				PRODUCT_NAME = demo_sri;
				VERSIONING_SYSTEM = "apple-generic";
			};
			name = Debug;
		};
		13B07F951A680F5B00A75B9A /* Release */ = {
			isa = XCBuildConfiguration;
			baseConfigurationReference = 1C0F0A9772165B36CBAFD5B1 /* Pods-demo_sri.release.xcconfig */;
			buildSettings = {
				ASSETCATALOG_COMPILER_APPICON_NAME = AppIcon;
				CURRENT_PROJECT_VERSION = 1;
				INFOPLIST_FILE = demo_sri/Info.plist;
				LD_RUNPATH_SEARCH_PATHS = "$(inherited) @executable_path/Frameworks";
				OTHER_LDFLAGS = (
					"$(inherited)",
					"-ObjC",
					"-lc++",
				);
				PRODUCT_BUNDLE_IDENTIFIER = "org.reactjs.native.example.$(PRODUCT_NAME:rfc1034identifier)";
				PRODUCT_NAME = demo_sri;
				VERSIONING_SYSTEM = "apple-generic";
			};
			name = Release;
		};
		83CBBA201A601CBA00E9B192 /* Debug */ = {
			isa = XCBuildConfiguration;
			buildSettings = {
				ALWAYS_SEARCH_USER_PATHS = NO;
				CLANG_CXX_LANGUAGE_STANDARD = "gnu++0x";
				CLANG_CXX_LIBRARY = "libc++";
				CLANG_ENABLE_MODULES = YES;
				CLANG_ENABLE_OBJC_ARC = YES;
				CLANG_WARN_BLOCK_CAPTURE_AUTORELEASING = YES;
				CLANG_WARN_BOOL_CONVERSION = YES;
				CLANG_WARN_COMMA = YES;
				CLANG_WARN_CONSTANT_CONVERSION = YES;
				CLANG_WARN_DEPRECATED_OBJC_IMPLEMENTATIONS = YES;
				CLANG_WARN_DIRECT_OBJC_ISA_USAGE = YES_ERROR;
				CLANG_WARN_EMPTY_BODY = YES;
				CLANG_WARN_ENUM_CONVERSION = YES;
				CLANG_WARN_INFINITE_RECURSION = YES;
				CLANG_WARN_INT_CONVERSION = YES;
				CLANG_WARN_NON_LITERAL_NULL_CONVERSION = YES;
				CLANG_WARN_OBJC_IMPLICIT_RETAIN_SELF = YES;
				CLANG_WARN_OBJC_LITERAL_CONVERSION = YES;
				CLANG_WARN_OBJC_ROOT_CLASS = YES_ERROR;
				CLANG_WARN_RANGE_LOOP_ANALYSIS = YES;
				CLANG_WARN_STRICT_PROTOTYPES = YES;
				CLANG_WARN_SUSPICIOUS_MOVE = YES;
				CLANG_WARN_UNREACHABLE_CODE = YES;
				CLANG_WARN__DUPLICATE_METHOD_MATCH = YES;
				"CODE_SIGN_IDENTITY[sdk=iphoneos*]" = "iPhone Developer";
				COPY_PHASE_STRIP = NO;
				ENABLE_STRICT_OBJC_MSGSEND = YES;
				ENABLE_TESTABILITY = YES;
				GCC_C_LANGUAGE_STANDARD = gnu99;
				GCC_DYNAMIC_NO_PIC = NO;
				GCC_NO_COMMON_BLOCKS = YES;
				GCC_OPTIMIZATION_LEVEL = 0;
				GCC_PREPROCESSOR_DEFINITIONS = (
					"DEBUG=1",
					"$(inherited)",
				);
				GCC_SYMBOLS_PRIVATE_EXTERN = NO;
				GCC_WARN_64_TO_32_BIT_CONVERSION = YES;
				GCC_WARN_ABOUT_RETURN_TYPE = YES_ERROR;
				GCC_WARN_UNDECLARED_SELECTOR = YES;
				GCC_WARN_UNINITIALIZED_AUTOS = YES_AGGRESSIVE;
				GCC_WARN_UNUSED_FUNCTION = YES;
				GCC_WARN_UNUSED_VARIABLE = YES;
				IPHONEOS_DEPLOYMENT_TARGET = 9.0;
				MTL_ENABLE_DEBUG_INFO = YES;
				ONLY_ACTIVE_ARCH = YES;
				SDKROOT = iphoneos;
			};
			name = Debug;
		};
		83CBBA211A601CBA00E9B192 /* Release */ = {
			isa = XCBuildConfiguration;
			buildSettings = {
				ALWAYS_SEARCH_USER_PATHS = NO;
				CLANG_CXX_LANGUAGE_STANDARD = "gnu++0x";
				CLANG_CXX_LIBRARY = "libc++";
				CLANG_ENABLE_MODULES = YES;
				CLANG_ENABLE_OBJC_ARC = YES;
				CLANG_WARN_BLOCK_CAPTURE_AUTORELEASING = YES;
				CLANG_WARN_BOOL_CONVERSION = YES;
				CLANG_WARN_COMMA = YES;
				CLANG_WARN_CONSTANT_CONVERSION = YES;
				CLANG_WARN_DEPRECATED_OBJC_IMPLEMENTATIONS = YES;
				CLANG_WARN_DIRECT_OBJC_ISA_USAGE = YES_ERROR;
				CLANG_WARN_EMPTY_BODY = YES;
				CLANG_WARN_ENUM_CONVERSION = YES;
				CLANG_WARN_INFINITE_RECURSION = YES;
				CLANG_WARN_INT_CONVERSION = YES;
				CLANG_WARN_NON_LITERAL_NULL_CONVERSION = YES;
				CLANG_WARN_OBJC_IMPLICIT_RETAIN_SELF = YES;
				CLANG_WARN_OBJC_LITERAL_CONVERSION = YES;
				CLANG_WARN_OBJC_ROOT_CLASS = YES_ERROR;
				CLANG_WARN_RANGE_LOOP_ANALYSIS = YES;
				CLANG_WARN_STRICT_PROTOTYPES = YES;
				CLANG_WARN_SUSPICIOUS_MOVE = YES;
				CLANG_WARN_UNREACHABLE_CODE = YES;
				CLANG_WARN__DUPLICATE_METHOD_MATCH = YES;
				"CODE_SIGN_IDENTITY[sdk=iphoneos*]" = "iPhone Developer";
				COPY_PHASE_STRIP = YES;
				ENABLE_NS_ASSERTIONS = NO;
				ENABLE_STRICT_OBJC_MSGSEND = YES;
				GCC_C_LANGUAGE_STANDARD = gnu99;
				GCC_NO_COMMON_BLOCKS = YES;
				GCC_WARN_64_TO_32_BIT_CONVERSION = YES;
				GCC_WARN_ABOUT_RETURN_TYPE = YES_ERROR;
				GCC_WARN_UNDECLARED_SELECTOR = YES;
				GCC_WARN_UNINITIALIZED_AUTOS = YES_AGGRESSIVE;
				GCC_WARN_UNUSED_FUNCTION = YES;
				GCC_WARN_UNUSED_VARIABLE = YES;
				IPHONEOS_DEPLOYMENT_TARGET = 9.0;
				MTL_ENABLE_DEBUG_INFO = NO;
				SDKROOT = iphoneos;
				VALIDATE_PRODUCT = YES;
			};
			name = Release;
		};
/* End XCBuildConfiguration section */

/* Begin XCConfigurationList section */
		13B07F931A680F5B00A75B9A /* Build configuration list for PBXNativeTarget "demo_sri" */ = {
			isa = XCConfigurationList;
			buildConfigurations = (
				13B07F941A680F5B00A75B9A /* Debug */,
				13B07F951A680F5B00A75B9A /* Release */,
			);
			defaultConfigurationIsVisible = 0;
			defaultConfigurationName = Release;
		};
		83CBB9FA1A601CBA00E9B192 /* Build configuration list for PBXProject "demo_sri" */ = {
			isa = XCConfigurationList;
			buildConfigurations = (
				83CBBA201A601CBA00E9B192 /* Debug */,
				83CBBA211A601CBA00E9B192 /* Release */,
			);
			defaultConfigurationIsVisible = 0;
			defaultConfigurationName = Release;
		};
/* End XCConfigurationList section */
	};
	rootObject = 83CBB9F71A601CBA00E9B192 /* Project object */;
}
